
Microsoft Visual Studio Solution File, Format Version 12.00
# Visual Studio Version 17
VisualStudioVersion = 17.2.32516.85
MinimumVisualStudioVersion = 10.0.40219.1
Project("{FAE04EC0-301F-11D3-BF4B-00C04F79EFBC}") = "MusicShop", "MusicShop\MusicShop.csproj", "{375A6401-906A-4ED8-95C9-3C4678C43AEC}"
EndProject
Project("{FAE04EC0-301F-11D3-BF4B-00C04F79EFBC}") = "MusicShopTests", "MusicShopTests\MusicShopTests.csproj", "{899C685F-DD76-49DA-BA5E-E7BE7180141E}"
EndProject
Global
	GlobalSection(SolutionConfigurationPlatforms) = preSolution
		Debug|Any CPU = Debug|Any CPU
		Release|Any CPU = Release|Any CPU
	EndGlobalSection
	GlobalSection(ProjectConfigurationPlatforms) = postSolution
		{375A6401-906A-4ED8-95C9-3C4678C43AEC}.Debug|Any CPU.ActiveCfg = Debug|Any CPU
		{375A6401-906A-4ED8-95C9-3C4678C43AEC}.Debug|Any CPU.Build.0 = Debug|Any CPU
		{375A6401-906A-4ED8-95C9-3C4678C43AEC}.Release|Any CPU.ActiveCfg = Release|Any CPU
		{375A6401-906A-4ED8-95C9-3C4678C43AEC}.Release|Any CPU.Build.0 = Release|Any CPU
		{899C685F-DD76-49DA-BA5E-E7BE7180141E}.Debug|Any CPU.ActiveCfg = Debug|Any CPU
		{899C685F-DD76-49DA-BA5E-E7BE7180141E}.Debug|Any CPU.Build.0 = Debug|Any CPU
		{899C685F-DD76-49DA-BA5E-E7BE7180141E}.Release|Any CPU.ActiveCfg = Release|Any CPU
		{899C685F-DD76-49DA-BA5E-E7BE7180141E}.Release|Any CPU.Build.0 = Release|Any CPU
	EndGlobalSection
	GlobalSection(SolutionProperties) = preSolution
		HideSolutionNode = FALSE
	EndGlobalSection
	GlobalSection(ExtensibilityGlobals) = postSolution
		SolutionGuid = {84F543A3-CC04-4F6A-8D33-A39A97017E7C}
	EndGlobalSection
EndGlobal
